// !$*UTF8*$!
{
	archiveVersion = 1;
	classes = {
	};
	objectVersion = 50;
	objects = {

/* Begin PBXBuildFile section */
		0720300F263F34DE00804BDD /* Account.c in Sources */ = {isa = PBXBuildFile; fileRef = 0720300E263F34DE00804BDD /* Account.c */; };
		07203028263F43B400804BDD /* Account.c in Sources */ = {isa = PBXBuildFile; fileRef = 0720300E263F34DE00804BDD /* Account.c */; };
		0720302B263F441800804BDD /* main.c in Sources */ = {isa = PBXBuildFile; fileRef = 0787339A2621EEDC0075981C /* main.c */; };
		0720B4F4264305DE00EAAE74 /* test.c in Sources */ = {isa = PBXBuildFile; fileRef = 0720B4F3264305DE00EAAE74 /* test.c */; };
		0720B4F92643066500EAAE74 /* test_account.c in Sources */ = {isa = PBXBuildFile; fileRef = 0720B4F82643066500EAAE74 /* test_account.c */; };
		0759C1DE2641FDB800AF9407 /* test_block.c in Sources */ = {isa = PBXBuildFile; fileRef = 0759C1DD2641FDB800AF9407 /* test_block.c */; };
		0759C1DF264200A300AF9407 /* Block.c in Sources */ = {isa = PBXBuildFile; fileRef = 0787339E2621F0EB0075981C /* Block.c */; };
		0779DBA626487B4700B9A249 /* Author.c in Sources */ = {isa = PBXBuildFile; fileRef = 07B6B9142644C81A00D1207E /* Author.c */; };
		0779DBB02649989E00B9A249 /* libcrypto.a in Frameworks */ = {isa = PBXBuildFile; fileRef = 0779DBAE2649989E00B9A249 /* libcrypto.a */; };
		0779DBB12649989E00B9A249 /* libeom.a in Frameworks */ = {isa = PBXBuildFile; fileRef = 0779DBAF2649989E00B9A249 /* libeom.a */; };
		0779DBB226499C4300B9A249 /* libcrypto.a in Frameworks */ = {isa = PBXBuildFile; fileRef = 0779DBAE2649989E00B9A249 /* libcrypto.a */; };
		0779DBB326499C4300B9A249 /* libeom.a in Frameworks */ = {isa = PBXBuildFile; fileRef = 0779DBAF2649989E00B9A249 /* libeom.a */; };
		0787339F2621F0EB0075981C /* Block.c in Sources */ = {isa = PBXBuildFile; fileRef = 0787339E2621F0EB0075981C /* Block.c */; };
		07B6B9152644C81A00D1207E /* Author.c in Sources */ = {isa = PBXBuildFile; fileRef = 07B6B9142644C81A00D1207E /* Author.c */; };
		07B6B9182646F07000D1207E /* Librarian.c in Sources */ = {isa = PBXBuildFile; fileRef = 07B6B9172646F07000D1207E /* Librarian.c */; };
		07B6B91A2647524900D1207E /* Librarian.c in Sources */ = {isa = PBXBuildFile; fileRef = 07B6B9172646F07000D1207E /* Librarian.c */; };
/* End PBXBuildFile section */

/* Begin PBXCopyFilesBuildPhase section */
		07203019263F3C9400804BDD /* CopyFiles */ = {
			isa = PBXCopyFilesBuildPhase;
			buildActionMask = 2147483647;
			dstPath = /usr/share/man/man1/;
			dstSubfolderSpec = 0;
			files = (
			);
			runOnlyForDeploymentPostprocessing = 1;
		};
		078733862621EBFD0075981C /* CopyFiles */ = {
			isa = PBXCopyFilesBuildPhase;
			buildActionMask = 2147483647;
			dstPath = /usr/share/man/man1/;
			dstSubfolderSpec = 0;
			files = (
			);
			runOnlyForDeploymentPostprocessing = 1;
		};
/* End PBXCopyFilesBuildPhase section */

/* Begin PBXFileReference section */
		0720300D263F34DE00804BDD /* Account.h */ = {isa = PBXFileReference; lastKnownFileType = sourcecode.c.h; path = Account.h; sourceTree = "<group>"; };
		0720300E263F34DE00804BDD /* Account.c */ = {isa = PBXFileReference; lastKnownFileType = sourcecode.c.c; path = Account.c; sourceTree = "<group>"; };
		0720301B263F3C9400804BDD /* test */ = {isa = PBXFileReference; explicitFileType = "compiled.mach-o.executable"; includeInIndex = 0; path = test; sourceTree = BUILT_PRODUCTS_DIR; };
		0720B4F2264305DE00EAAE74 /* test.h */ = {isa = PBXFileReference; lastKnownFileType = sourcecode.c.h; path = test.h; sourceTree = "<group>"; };
		0720B4F3264305DE00EAAE74 /* test.c */ = {isa = PBXFileReference; lastKnownFileType = sourcecode.c.c; path = test.c; sourceTree = "<group>"; };
		0720B4F72643066500EAAE74 /* test_account.h */ = {isa = PBXFileReference; lastKnownFileType = sourcecode.c.h; path = test_account.h; sourceTree = "<group>"; };
		0720B4F82643066500EAAE74 /* test_account.c */ = {isa = PBXFileReference; lastKnownFileType = sourcecode.c.c; path = test_account.c; sourceTree = "<group>"; };
		0759C1D82640FBD300AF9407 /* main.h */ = {isa = PBXFileReference; lastKnownFileType = sourcecode.c.h; path = main.h; sourceTree = "<group>"; };
		0759C1DC2641FDB800AF9407 /* test_block.h */ = {isa = PBXFileReference; lastKnownFileType = sourcecode.c.h; path = test_block.h; sourceTree = "<group>"; };
		0759C1DD2641FDB800AF9407 /* test_block.c */ = {isa = PBXFileReference; lastKnownFileType = sourcecode.c.c; path = test_block.c; sourceTree = "<group>"; };
		0779DBAE2649989E00B9A249 /* libcrypto.a */ = {isa = PBXFileReference; lastKnownFileType = archive.ar; name = libcrypto.a; path = ../../../../usr/local/lib/libcrypto.a; sourceTree = "<group>"; };
		0779DBAF2649989E00B9A249 /* libeom.a */ = {isa = PBXFileReference; lastKnownFileType = archive.ar; name = libeom.a; path = ../../../../usr/local/lib/libeom.a; sourceTree = "<group>"; };
		078733882621EBFD0075981C /* blockchain */ = {isa = PBXFileReference; explicitFileType = "compiled.mach-o.executable"; includeInIndex = 0; path = blockchain; sourceTree = BUILT_PRODUCTS_DIR; };
		078733932621EDC10075981C /* README.md */ = {isa = PBXFileReference; lastKnownFileType = net.daringfireball.markdown; path = README.md; sourceTree = "<group>"; };
		078733942621EDE30075981C /* makefile */ = {isa = PBXFileReference; lastKnownFileType = sourcecode.make; path = makefile; sourceTree = "<group>"; };
		0787339A2621EEDC0075981C /* main.c */ = {isa = PBXFileReference; lastKnownFileType = sourcecode.c.c; path = main.c; sourceTree = "<group>"; };
		0787339D2621F0EB0075981C /* Block.h */ = {isa = PBXFileReference; lastKnownFileType = sourcecode.c.h; path = Block.h; sourceTree = "<group>"; };
		0787339E2621F0EB0075981C /* Block.c */ = {isa = PBXFileReference; lastKnownFileType = sourcecode.c.c; path = Block.c; sourceTree = "<group>"; };
		07B6B9132644C81A00D1207E /* Author.h */ = {isa = PBXFileReference; lastKnownFileType = sourcecode.c.h; path = Author.h; sourceTree = "<group>"; };
		07B6B9142644C81A00D1207E /* Author.c */ = {isa = PBXFileReference; lastKnownFileType = sourcecode.c.c; path = Author.c; sourceTree = "<group>"; };
		07B6B9162646F07000D1207E /* Librarian.h */ = {isa = PBXFileReference; lastKnownFileType = sourcecode.c.h; path = Librarian.h; sourceTree = "<group>"; };
		07B6B9172646F07000D1207E /* Librarian.c */ = {isa = PBXFileReference; lastKnownFileType = sourcecode.c.c; path = Librarian.c; sourceTree = "<group>"; };
/* End PBXFileReference section */

/* Begin PBXFrameworksBuildPhase section */
		07203018263F3C9400804BDD /* Frameworks */ = {
			isa = PBXFrameworksBuildPhase;
			buildActionMask = 2147483647;
			files = (
				0779DBB226499C4300B9A249 /* libcrypto.a in Frameworks */,
				0779DBB326499C4300B9A249 /* libeom.a in Frameworks */,
			);
			runOnlyForDeploymentPostprocessing = 0;
		};
		078733852621EBFD0075981C /* Frameworks */ = {
			isa = PBXFrameworksBuildPhase;
			buildActionMask = 2147483647;
			files = (
				0779DBB02649989E00B9A249 /* libcrypto.a in Frameworks */,
				0779DBB12649989E00B9A249 /* libeom.a in Frameworks */,
			);
			runOnlyForDeploymentPostprocessing = 0;
		};
/* End PBXFrameworksBuildPhase section */

/* Begin PBXGroup section */
		07203010263F3BBA00804BDD /* blocks */ = {
			isa = PBXGroup;
			children = (
				0787339D2621F0EB0075981C /* Block.h */,
				0787339E2621F0EB0075981C /* Block.c */,
			);
			path = blocks;
			sourceTree = "<group>";
		};
		07203011263F3BDB00804BDD /* accounts */ = {
			isa = PBXGroup;
			children = (
				0720300D263F34DE00804BDD /* Account.h */,
				0720300E263F34DE00804BDD /* Account.c */,
			);
			path = accounts;
			sourceTree = "<group>";
		};
		07203012263F3C0E00804BDD /* test */ = {
			isa = PBXGroup;
			children = (
				0720B4F2264305DE00EAAE74 /* test.h */,
				0720B4F3264305DE00EAAE74 /* test.c */,
				07203013263F3C1D00804BDD /* unit */,
			);
			path = test;
			sourceTree = "<group>";
		};
		07203013263F3C1D00804BDD /* unit */ = {
			isa = PBXGroup;
			children = (
				07203014263F3C2500804BDD /* cryptography */,
				0759C1DB2641FD9B00AF9407 /* data_structures */,
			);
			path = unit;
			sourceTree = "<group>";
		};
		07203014263F3C2500804BDD /* cryptography */ = {
			isa = PBXGroup;
			children = (
				0720B4F72643066500EAAE74 /* test_account.h */,
				0720B4F82643066500EAAE74 /* test_account.c */,
			);
			path = cryptography;
			sourceTree = "<group>";
		};
		0759C1DB2641FD9B00AF9407 /* data_structures */ = {
			isa = PBXGroup;
			children = (
				0759C1DC2641FDB800AF9407 /* test_block.h */,
				0759C1DD2641FDB800AF9407 /* test_block.c */,
			);
			path = data_structures;
			sourceTree = "<group>";
		};
		0787337F2621EBFD0075981C = {
			isa = PBXGroup;
			children = (
				078733932621EDC10075981C /* README.md */,
				078733942621EDE30075981C /* makefile */,
				0787338A2621EBFD0075981C /* blockchain */,
				07203012263F3C0E00804BDD /* test */,
				078733892621EBFD0075981C /* Products */,
				07A23B12262219550087BE64 /* Frameworks */,
			);
			sourceTree = "<group>";
		};
		078733892621EBFD0075981C /* Products */ = {
			isa = PBXGroup;
			children = (
				078733882621EBFD0075981C /* blockchain */,
				0720301B263F3C9400804BDD /* test */,
			);
			name = Products;
			sourceTree = "<group>";
		};
		0787338A2621EBFD0075981C /* blockchain */ = {
			isa = PBXGroup;
			children = (
				07203011263F3BDB00804BDD /* accounts */,
				07203010263F3BBA00804BDD /* blocks */,
				07B6B90F2644C77F00D1207E /* interfaces */,
				0787339A2621EEDC0075981C /* main.c */,
				0759C1D82640FBD300AF9407 /* main.h */,
			);
			path = blockchain;
			sourceTree = "<group>";
		};
		07A23B12262219550087BE64 /* Frameworks */ = {
			isa = PBXGroup;
			children = (
				0779DBAE2649989E00B9A249 /* libcrypto.a */,
				0779DBAF2649989E00B9A249 /* libeom.a */,
			);
			name = Frameworks;
			sourceTree = "<group>";
		};
		07B6B90F2644C77F00D1207E /* interfaces */ = {
			isa = PBXGroup;
			children = (
				07B6B9132644C81A00D1207E /* Author.h */,
				07B6B9142644C81A00D1207E /* Author.c */,
				07B6B9162646F07000D1207E /* Librarian.h */,
				07B6B9172646F07000D1207E /* Librarian.c */,
			);
			path = interfaces;
			sourceTree = "<group>";
		};
/* End PBXGroup section */

/* Begin PBXNativeTarget section */
		0720301A263F3C9400804BDD /* test */ = {
			isa = PBXNativeTarget;
			buildConfigurationList = 0720301F263F3C9400804BDD /* Build configuration list for PBXNativeTarget "test" */;
			buildPhases = (
				07203017263F3C9400804BDD /* Sources */,
				07203018263F3C9400804BDD /* Frameworks */,
				07203019263F3C9400804BDD /* CopyFiles */,
			);
			buildRules = (
			);
			dependencies = (
			);
			name = test;
			productName = test;
			productReference = 0720301B263F3C9400804BDD /* test */;
			productType = "com.apple.product-type.tool";
		};
		078733872621EBFD0075981C /* blockchain */ = {
			isa = PBXNativeTarget;
			buildConfigurationList = 0787338F2621EBFD0075981C /* Build configuration list for PBXNativeTarget "blockchain" */;
			buildPhases = (
				078733842621EBFD0075981C /* Sources */,
				078733852621EBFD0075981C /* Frameworks */,
				078733862621EBFD0075981C /* CopyFiles */,
			);
			buildRules = (
			);
			dependencies = (
			);
			name = blockchain;
			productName = blockchain;
			productReference = 078733882621EBFD0075981C /* blockchain */;
			productType = "com.apple.product-type.tool";
		};
/* End PBXNativeTarget section */

/* Begin PBXProject section */
		078733802621EBFD0075981C /* Project object */ = {
			isa = PBXProject;
			attributes = {
				LastUpgradeCheck = 1250;
				TargetAttributes = {
					0720301A263F3C9400804BDD = {
						CreatedOnToolsVersion = 12.5;
					};
					078733872621EBFD0075981C = {
						CreatedOnToolsVersion = 12.4;
					};
				};
			};
			buildConfigurationList = 078733832621EBFD0075981C /* Build configuration list for PBXProject "blockchain" */;
			compatibilityVersion = "Xcode 9.3";
			developmentRegion = en;
			hasScannedForEncodings = 0;
			knownRegions = (
				en,
				Base,
			);
			mainGroup = 0787337F2621EBFD0075981C;
			productRefGroup = 078733892621EBFD0075981C /* Products */;
			projectDirPath = "";
			projectRoot = "";
			targets = (
				078733872621EBFD0075981C /* blockchain */,
				0720301A263F3C9400804BDD /* test */,
			);
		};
/* End PBXProject section */

/* Begin PBXSourcesBuildPhase section */
		07203017263F3C9400804BDD /* Sources */ = {
			isa = PBXSourcesBuildPhase;
			buildActionMask = 2147483647;
			files = (
				0720B4F4264305DE00EAAE74 /* test.c in Sources */,
				0779DBA626487B4700B9A249 /* Author.c in Sources */,
				0759C1DE2641FDB800AF9407 /* test_block.c in Sources */,
				0720B4F92643066500EAAE74 /* test_account.c in Sources */,
				07203028263F43B400804BDD /* Account.c in Sources */,
				07B6B91A2647524900D1207E /* Librarian.c in Sources */,
				0759C1DF264200A300AF9407 /* Block.c in Sources */,
			);
			runOnlyForDeploymentPostprocessing = 0;
		};
		078733842621EBFD0075981C /* Sources */ = {
			isa = PBXSourcesBuildPhase;
			buildActionMask = 2147483647;
			files = (
				07B6B9152644C81A00D1207E /* Author.c in Sources */,
				0787339F2621F0EB0075981C /* Block.c in Sources */,
				0720300F263F34DE00804BDD /* Account.c in Sources */,
				0720302B263F441800804BDD /* main.c in Sources */,
				07B6B9182646F07000D1207E /* Librarian.c in Sources */,
			);
			runOnlyForDeploymentPostprocessing = 0;
		};
/* End PBXSourcesBuildPhase section */

/* Begin XCBuildConfiguration section */
		07203020263F3C9400804BDD /* Debug */ = {
			isa = XCBuildConfiguration;
			buildSettings = {
				CODE_SIGN_IDENTITY = "Apple Development";
				CODE_SIGN_STYLE = Automatic;
				DEVELOPMENT_TEAM = 975P2G4HC3;
				ENABLE_HARDENED_RUNTIME = YES;
				PRODUCT_NAME = "$(TARGET_NAME)";
			};
			name = Debug;
		};
		07203021263F3C9400804BDD /* Release */ = {
			isa = XCBuildConfiguration;
			buildSettings = {
				CODE_SIGN_IDENTITY = "Apple Development";
				CODE_SIGN_STYLE = Automatic;
				DEVELOPMENT_TEAM = 975P2G4HC3;
				ENABLE_HARDENED_RUNTIME = YES;
				PRODUCT_NAME = "$(TARGET_NAME)";
			};
			name = Release;
		};
		0787338D2621EBFD0075981C /* Debug */ = {
			isa = XCBuildConfiguration;
			buildSettings = {
				ALWAYS_SEARCH_USER_PATHS = NO;
				CLANG_ANALYZER_NONNULL = YES;
				CLANG_ANALYZER_NUMBER_OBJECT_CONVERSION = YES_AGGRESSIVE;
				CLANG_CXX_LANGUAGE_STANDARD = "gnu++14";
				CLANG_CXX_LIBRARY = "libc++";
				CLANG_ENABLE_MODULES = YES;
				CLANG_ENABLE_OBJC_ARC = YES;
				CLANG_ENABLE_OBJC_WEAK = YES;
				CLANG_WARN_BLOCK_CAPTURE_AUTORELEASING = YES;
				CLANG_WARN_BOOL_CONVERSION = YES;
				CLANG_WARN_COMMA = YES;
				CLANG_WARN_CONSTANT_CONVERSION = YES;
				CLANG_WARN_DEPRECATED_OBJC_IMPLEMENTATIONS = YES;
				CLANG_WARN_DIRECT_OBJC_ISA_USAGE = YES_ERROR;
				CLANG_WARN_DOCUMENTATION_COMMENTS = YES;
				CLANG_WARN_EMPTY_BODY = YES;
				CLANG_WARN_ENUM_CONVERSION = YES;
				CLANG_WARN_INFINITE_RECURSION = YES;
				CLANG_WARN_INT_CONVERSION = YES;
				CLANG_WARN_NON_LITERAL_NULL_CONVERSION = YES;
				CLANG_WARN_OBJC_IMPLICIT_RETAIN_SELF = YES;
				CLANG_WARN_OBJC_LITERAL_CONVERSION = YES;
				CLANG_WARN_OBJC_ROOT_CLASS = YES_ERROR;
				CLANG_WARN_QUOTED_INCLUDE_IN_FRAMEWORK_HEADER = YES;
				CLANG_WARN_RANGE_LOOP_ANALYSIS = YES;
				CLANG_WARN_STRICT_PROTOTYPES = YES;
				CLANG_WARN_SUSPICIOUS_MOVE = YES;
				CLANG_WARN_UNGUARDED_AVAILABILITY = YES_AGGRESSIVE;
				CLANG_WARN_UNREACHABLE_CODE = YES;
				CLANG_WARN__DUPLICATE_METHOD_MATCH = YES;
				CODE_SIGN_IDENTITY = "Apple Development";
				"CODE_SIGN_IDENTITY[sdk=*]" = "";
				COPY_PHASE_STRIP = NO;
				DEBUG_INFORMATION_FORMAT = dwarf;
				DEVELOPMENT_TEAM = "";
				"DEVELOPMENT_TEAM[sdk=*]" = "";
				ENABLE_HARDENED_RUNTIME = NO;
				ENABLE_STRICT_OBJC_MSGSEND = YES;
				ENABLE_TESTABILITY = YES;
				GCC_C_LANGUAGE_STANDARD = gnu11;
				GCC_DYNAMIC_NO_PIC = NO;
				GCC_NO_COMMON_BLOCKS = YES;
				GCC_OPTIMIZATION_LEVEL = 0;
				GCC_PREPROCESSOR_DEFINITIONS = (
					"DEBUG=1",
					"$(inherited)",
				);
				GCC_WARN_64_TO_32_BIT_CONVERSION = YES;
				GCC_WARN_ABOUT_RETURN_TYPE = YES_ERROR;
				GCC_WARN_UNDECLARED_SELECTOR = YES;
				GCC_WARN_UNINITIALIZED_AUTOS = YES_AGGRESSIVE;
				GCC_WARN_UNUSED_FUNCTION = YES;
				GCC_WARN_UNUSED_VARIABLE = YES;
				"HEADER_SEARCH_PATHS[arch=*]" = /usr/local/include;
				"LIBRARY_SEARCH_PATHS[arch=*]" = /usr/local/lib;
				MACOSX_DEPLOYMENT_TARGET = 11.2;
				MTL_ENABLE_DEBUG_INFO = INCLUDE_SOURCE;
				MTL_FAST_MATH = YES;
				ONLY_ACTIVE_ARCH = YES;
				"OTHER_CODE_SIGN_FLAGS[sdk=*]" = "";
				SDKROOT = macosx;
			};
			name = Debug;
		};
		0787338E2621EBFD0075981C /* Release */ = {
			isa = XCBuildConfiguration;
			buildSettings = {
				ALWAYS_SEARCH_USER_PATHS = NO;
				CLANG_ANALYZER_NONNULL = YES;
				CLANG_ANALYZER_NUMBER_OBJECT_CONVERSION = YES_AGGRESSIVE;
				CLANG_CXX_LANGUAGE_STANDARD = "gnu++14";
				CLANG_CXX_LIBRARY = "libc++";
				CLANG_ENABLE_MODULES = YES;
				CLANG_ENABLE_OBJC_ARC = YES;
				CLANG_ENABLE_OBJC_WEAK = YES;
				CLANG_WARN_BLOCK_CAPTURE_AUTORELEASING = YES;
				CLANG_WARN_BOOL_CONVERSION = YES;
				CLANG_WARN_COMMA = YES;
				CLANG_WARN_CONSTANT_CONVERSION = YES;
				CLANG_WARN_DEPRECATED_OBJC_IMPLEMENTATIONS = YES;
				CLANG_WARN_DIRECT_OBJC_ISA_USAGE = YES_ERROR;
				CLANG_WARN_DOCUMENTATION_COMMENTS = YES;
				CLANG_WARN_EMPTY_BODY = YES;
				CLANG_WARN_ENUM_CONVERSION = YES;
				CLANG_WARN_INFINITE_RECURSION = YES;
				CLANG_WARN_INT_CONVERSION = YES;
				CLANG_WARN_NON_LITERAL_NULL_CONVERSION = YES;
				CLANG_WARN_OBJC_IMPLICIT_RETAIN_SELF = YES;
				CLANG_WARN_OBJC_LITERAL_CONVERSION = YES;
				CLANG_WARN_OBJC_ROOT_CLASS = YES_ERROR;
				CLANG_WARN_QUOTED_INCLUDE_IN_FRAMEWORK_HEADER = YES;
				CLANG_WARN_RANGE_LOOP_ANALYSIS = YES;
				CLANG_WARN_STRICT_PROTOTYPES = YES;
				CLANG_WARN_SUSPICIOUS_MOVE = YES;
				CLANG_WARN_UNGUARDED_AVAILABILITY = YES_AGGRESSIVE;
				CLANG_WARN_UNREACHABLE_CODE = YES;
				CLANG_WARN__DUPLICATE_METHOD_MATCH = YES;
				CODE_SIGN_IDENTITY = "Apple Development";
				COPY_PHASE_STRIP = NO;
				DEBUG_INFORMATION_FORMAT = "dwarf-with-dsym";
				DEVELOPMENT_TEAM = "";
				ENABLE_HARDENED_RUNTIME = NO;
				ENABLE_NS_ASSERTIONS = NO;
				ENABLE_STRICT_OBJC_MSGSEND = YES;
				GCC_C_LANGUAGE_STANDARD = gnu11;
				GCC_NO_COMMON_BLOCKS = YES;
				GCC_WARN_64_TO_32_BIT_CONVERSION = YES;
				GCC_WARN_ABOUT_RETURN_TYPE = YES_ERROR;
				GCC_WARN_UNDECLARED_SELECTOR = YES;
				GCC_WARN_UNINITIALIZED_AUTOS = YES_AGGRESSIVE;
				GCC_WARN_UNUSED_FUNCTION = YES;
				GCC_WARN_UNUSED_VARIABLE = YES;
				"HEADER_SEARCH_PATHS[arch=*]" = /usr/local/include;
				"LIBRARY_SEARCH_PATHS[arch=*]" = /usr/local/lib;
				MACOSX_DEPLOYMENT_TARGET = 11.2;
				MTL_ENABLE_DEBUG_INFO = NO;
				MTL_FAST_MATH = YES;
				SDKROOT = macosx;
			};
			name = Release;
		};
		078733902621EBFD0075981C /* Debug */ = {
			isa = XCBuildConfiguration;
			buildSettings = {
				CODE_SIGN_IDENTITY = "Apple Development";
				CODE_SIGN_STYLE = Automatic;
				DEVELOPMENT_TEAM = 975P2G4HC3;
				ENABLE_HARDENED_RUNTIME = YES;
				PRODUCT_NAME = "$(TARGET_NAME)";
			};
			name = Debug;
		};
		078733912621EBFD0075981C /* Release */ = {
			isa = XCBuildConfiguration;
			buildSettings = {
				CODE_SIGN_IDENTITY = "Apple Development";
				CODE_SIGN_STYLE = Automatic;
				DEVELOPMENT_TEAM = 975P2G4HC3;
				ENABLE_HARDENED_RUNTIME = YES;
				PRODUCT_NAME = "$(TARGET_NAME)";
			};
			name = Release;
		};
/* End XCBuildConfiguration section */

/* Begin XCConfigurationList section */
		0720301F263F3C9400804BDD /* Build configuration list for PBXNativeTarget "test" */ = {
			isa = XCConfigurationList;
			buildConfigurations = (
				07203020263F3C9400804BDD /* Debug */,
				07203021263F3C9400804BDD /* Release */,
			);
			defaultConfigurationIsVisible = 0;
			defaultConfigurationName = Release;
		};
		078733832621EBFD0075981C /* Build configuration list for PBXProject "blockchain" */ = {
			isa = XCConfigurationList;
			buildConfigurations = (
				0787338D2621EBFD0075981C /* Debug */,
				0787338E2621EBFD0075981C /* Release */,
			);
			defaultConfigurationIsVisible = 0;
			defaultConfigurationName = Release;
		};
		0787338F2621EBFD0075981C /* Build configuration list for PBXNativeTarget "blockchain" */ = {
			isa = XCConfigurationList;
			buildConfigurations = (
				078733902621EBFD0075981C /* Debug */,
				078733912621EBFD0075981C /* Release */,
			);
			defaultConfigurationIsVisible = 0;
			defaultConfigurationName = Release;
		};
/* End XCConfigurationList section */
	};
	rootObject = 078733802621EBFD0075981C /* Project object */;
}
