// !$*UTF8*$!
{
	archiveVersion = 1;
	classes = {
	};
	objectVersion = 50;
	objects = {

/* Begin PBXBuildFile section */
		0716C1F3264EB6FB00A81888 /* close.c in Sources */ = {isa = PBXBuildFile; fileRef = 0716C1F2264EB6FB00A81888 /* close.c */; };
		0720300F263F34DE00804BDD /* account.c in Sources */ = {isa = PBXBuildFile; fileRef = 0720300E263F34DE00804BDD /* account.c */; };
		07203028263F43B400804BDD /* account.c in Sources */ = {isa = PBXBuildFile; fileRef = 0720300E263F34DE00804BDD /* account.c */; };
		0720B4F92643066500EAAE74 /* test_account.c in Sources */ = {isa = PBXBuildFile; fileRef = 0720B4F82643066500EAAE74 /* test_account.c */; };
		0759C1DE2641FDB800AF9407 /* test_block.c in Sources */ = {isa = PBXBuildFile; fileRef = 0759C1DD2641FDB800AF9407 /* test_block.c */; };
		0759C1DF264200A300AF9407 /* block.c in Sources */ = {isa = PBXBuildFile; fileRef = 0787339E2621F0EB0075981C /* block.c */; };
		0775C831264ECAC10086516D /* get.c in Sources */ = {isa = PBXBuildFile; fileRef = 0775C830264ECAC10086516D /* get.c */; };
		0775C834264ECAC90086516D /* put.c in Sources */ = {isa = PBXBuildFile; fileRef = 0775C833264ECAC90086516D /* put.c */; };
		0775C837264ECAD10086516D /* sql.c in Sources */ = {isa = PBXBuildFile; fileRef = 0775C836264ECAD10086516D /* sql.c */; };
		0775C840264EE4290086516D /* account.c in Sources */ = {isa = PBXBuildFile; fileRef = 0775C83F264EE4290086516D /* account.c */; };
		0775C843264EE4370086516D /* create.c in Sources */ = {isa = PBXBuildFile; fileRef = 0775C842264EE4370086516D /* create.c */; };
		0775C846264EE4460086516D /* query.c in Sources */ = {isa = PBXBuildFile; fileRef = 0775C845264EE4460086516D /* query.c */; };
		0775C849264EE4540086516D /* read.c in Sources */ = {isa = PBXBuildFile; fileRef = 0775C848264EE4540086516D /* read.c */; };
		0775C84C264EE45F0086516D /* server.c in Sources */ = {isa = PBXBuildFile; fileRef = 0775C84B264EE45F0086516D /* server.c */; };
		0775C84F264EE46A0086516D /* share.c in Sources */ = {isa = PBXBuildFile; fileRef = 0775C84E264EE46A0086516D /* share.c */; };
		0775C853264EE71A0086516D /* server.c in Sources */ = {isa = PBXBuildFile; fileRef = 0775C852264EE71A0086516D /* server.c */; };
		0775C85A264F09400086516D /* cli.c in Sources */ = {isa = PBXBuildFile; fileRef = 0775C859264F09400086516D /* cli.c */; };
		0775C85C264F0B6F0086516D /* test.c in Sources */ = {isa = PBXBuildFile; fileRef = 0775C85B264F0B6F0086516D /* test.c */; };
		0775C864264F0F6A0086516D /* test_cli.c in Sources */ = {isa = PBXBuildFile; fileRef = 0775C863264F0F6A0086516D /* test_cli.c */; };
		0779DBB02649989E00B9A249 /* libcrypto.a in Frameworks */ = {isa = PBXBuildFile; fileRef = 0779DBAE2649989E00B9A249 /* libcrypto.a */; };
		0779DBB12649989E00B9A249 /* libeom.a in Frameworks */ = {isa = PBXBuildFile; fileRef = 0779DBAF2649989E00B9A249 /* libeom.a */; };
		0779DBB226499C4300B9A249 /* libcrypto.a in Frameworks */ = {isa = PBXBuildFile; fileRef = 0779DBAE2649989E00B9A249 /* libcrypto.a */; };
		0779DBB326499C4300B9A249 /* libeom.a in Frameworks */ = {isa = PBXBuildFile; fileRef = 0779DBAF2649989E00B9A249 /* libeom.a */; };
		0779DBC0264C319E00B9A249 /* blockchain.c in Sources */ = {isa = PBXBuildFile; fileRef = 0779DBBF264C319E00B9A249 /* blockchain.c */; };
		0779DBDE264C64EB00B9A249 /* sqlite3.c in Sources */ = {isa = PBXBuildFile; fileRef = 0779DBDD264C64EB00B9A249 /* sqlite3.c */; };
		0779DBEF264C6A8400B9A249 /* database.c in Sources */ = {isa = PBXBuildFile; fileRef = 0779DBEE264C6A8400B9A249 /* database.c */; };
		0779DBF2264C9FBB00B9A249 /* mongoose.c in Sources */ = {isa = PBXBuildFile; fileRef = 0779DBF0264C9FBB00B9A249 /* mongoose.c */; };
		0779DC10264E177500B9A249 /* introduction.c in Sources */ = {isa = PBXBuildFile; fileRef = 0779DC0F264E177500B9A249 /* introduction.c */; };
		0779DC13264EB31E00B9A249 /* routing.c in Sources */ = {isa = PBXBuildFile; fileRef = 0779DC12264EB31E00B9A249 /* routing.c */; };
		0779DC16264EB41200B9A249 /* exchange.c in Sources */ = {isa = PBXBuildFile; fileRef = 0779DC15264EB41200B9A249 /* exchange.c */; };
		0787339F2621F0EB0075981C /* block.c in Sources */ = {isa = PBXBuildFile; fileRef = 0787339E2621F0EB0075981C /* block.c */; };
		07C5E349265039ED00539B26 /* client.c in Sources */ = {isa = PBXBuildFile; fileRef = 07C5E348265039ED00539B26 /* client.c */; };
		07C5E34D2650463100539B26 /* get.c in Sources */ = {isa = PBXBuildFile; fileRef = 07C5E34C2650463100539B26 /* get.c */; };
		07C5E3502650465000539B26 /* put.c in Sources */ = {isa = PBXBuildFile; fileRef = 07C5E34F2650465000539B26 /* put.c */; };
		07C5E3532650465700539B26 /* sql.c in Sources */ = {isa = PBXBuildFile; fileRef = 07C5E3522650465700539B26 /* sql.c */; };
		07C5E358265049E200539B26 /* exchange.c in Sources */ = {isa = PBXBuildFile; fileRef = 07C5E357265049E200539B26 /* exchange.c */; };
		07C5E35B26504A2600539B26 /* introduction.c in Sources */ = {isa = PBXBuildFile; fileRef = 07C5E35A26504A2600539B26 /* introduction.c */; };
		07C5E35E26504A3000539B26 /* routing.c in Sources */ = {isa = PBXBuildFile; fileRef = 07C5E35D26504A3000539B26 /* routing.c */; };
		07C5E36126504A3C00539B26 /* close.c in Sources */ = {isa = PBXBuildFile; fileRef = 07C5E36026504A3C00539B26 /* close.c */; };
		07C5E364265055CC00539B26 /* session.c in Sources */ = {isa = PBXBuildFile; fileRef = 07C5E363265055CC00539B26 /* session.c */; };
		07C5E36C2650AD8E00539B26 /* logger.c in Sources */ = {isa = PBXBuildFile; fileRef = 07C5E36B2650AD8E00539B26 /* logger.c */; };
		07C5E37226521BA300539B26 /* uuid.c in Sources */ = {isa = PBXBuildFile; fileRef = 07C5E37126521BA300539B26 /* uuid.c */; };
/* End PBXBuildFile section */

/* Begin PBXCopyFilesBuildPhase section */
		07203019263F3C9400804BDD /* CopyFiles */ = {
			isa = PBXCopyFilesBuildPhase;
			buildActionMask = 2147483647;
			dstPath = /usr/share/man/man1/;
			dstSubfolderSpec = 0;
			files = (
			);
			runOnlyForDeploymentPostprocessing = 1;
		};
		078733862621EBFD0075981C /* CopyFiles */ = {
			isa = PBXCopyFilesBuildPhase;
			buildActionMask = 2147483647;
			dstPath = /usr/share/man/man1/;
			dstSubfolderSpec = 0;
			files = (
			);
			runOnlyForDeploymentPostprocessing = 1;
		};
/* End PBXCopyFilesBuildPhase section */

/* Begin PBXFileReference section */
		0716C1F1264EB6FB00A81888 /* close.h */ = {isa = PBXFileReference; lastKnownFileType = sourcecode.c.h; path = close.h; sourceTree = "<group>"; };
		0716C1F2264EB6FB00A81888 /* close.c */ = {isa = PBXFileReference; lastKnownFileType = sourcecode.c.c; path = close.c; sourceTree = "<group>"; };
		0720300D263F34DE00804BDD /* account.h */ = {isa = PBXFileReference; lastKnownFileType = sourcecode.c.h; path = account.h; sourceTree = "<group>"; };
		0720300E263F34DE00804BDD /* account.c */ = {isa = PBXFileReference; lastKnownFileType = sourcecode.c.c; path = account.c; sourceTree = "<group>"; };
		0720301B263F3C9400804BDD /* test */ = {isa = PBXFileReference; explicitFileType = "compiled.mach-o.executable"; includeInIndex = 0; path = test; sourceTree = BUILT_PRODUCTS_DIR; };
		0720B4F72643066500EAAE74 /* test_account.h */ = {isa = PBXFileReference; lastKnownFileType = sourcecode.c.h; path = test_account.h; sourceTree = "<group>"; };
		0720B4F82643066500EAAE74 /* test_account.c */ = {isa = PBXFileReference; lastKnownFileType = sourcecode.c.c; path = test_account.c; sourceTree = "<group>"; };
		0759C1DC2641FDB800AF9407 /* test_block.h */ = {isa = PBXFileReference; lastKnownFileType = sourcecode.c.h; path = test_block.h; sourceTree = "<group>"; };
		0759C1DD2641FDB800AF9407 /* test_block.c */ = {isa = PBXFileReference; lastKnownFileType = sourcecode.c.c; path = test_block.c; sourceTree = "<group>"; };
		0775C82F264ECAC10086516D /* get.h */ = {isa = PBXFileReference; lastKnownFileType = sourcecode.c.h; path = get.h; sourceTree = "<group>"; };
		0775C830264ECAC10086516D /* get.c */ = {isa = PBXFileReference; lastKnownFileType = sourcecode.c.c; path = get.c; sourceTree = "<group>"; };
		0775C832264ECAC90086516D /* put.h */ = {isa = PBXFileReference; lastKnownFileType = sourcecode.c.h; path = put.h; sourceTree = "<group>"; };
		0775C833264ECAC90086516D /* put.c */ = {isa = PBXFileReference; lastKnownFileType = sourcecode.c.c; path = put.c; sourceTree = "<group>"; };
		0775C835264ECAD10086516D /* sql.h */ = {isa = PBXFileReference; lastKnownFileType = sourcecode.c.h; path = sql.h; sourceTree = "<group>"; };
		0775C836264ECAD10086516D /* sql.c */ = {isa = PBXFileReference; lastKnownFileType = sourcecode.c.c; path = sql.c; sourceTree = "<group>"; };
		0775C83E264EE4290086516D /* account.h */ = {isa = PBXFileReference; lastKnownFileType = sourcecode.c.h; path = account.h; sourceTree = "<group>"; };
		0775C83F264EE4290086516D /* account.c */ = {isa = PBXFileReference; lastKnownFileType = sourcecode.c.c; path = account.c; sourceTree = "<group>"; };
		0775C841264EE4370086516D /* create.h */ = {isa = PBXFileReference; lastKnownFileType = sourcecode.c.h; path = create.h; sourceTree = "<group>"; };
		0775C842264EE4370086516D /* create.c */ = {isa = PBXFileReference; lastKnownFileType = sourcecode.c.c; path = create.c; sourceTree = "<group>"; };
		0775C844264EE4460086516D /* query.h */ = {isa = PBXFileReference; lastKnownFileType = sourcecode.c.h; path = query.h; sourceTree = "<group>"; };
		0775C845264EE4460086516D /* query.c */ = {isa = PBXFileReference; lastKnownFileType = sourcecode.c.c; path = query.c; sourceTree = "<group>"; };
		0775C847264EE4540086516D /* read.h */ = {isa = PBXFileReference; lastKnownFileType = sourcecode.c.h; path = read.h; sourceTree = "<group>"; };
		0775C848264EE4540086516D /* read.c */ = {isa = PBXFileReference; lastKnownFileType = sourcecode.c.c; path = read.c; sourceTree = "<group>"; };
		0775C84A264EE45F0086516D /* server.h */ = {isa = PBXFileReference; lastKnownFileType = sourcecode.c.h; path = server.h; sourceTree = "<group>"; };
		0775C84B264EE45F0086516D /* server.c */ = {isa = PBXFileReference; lastKnownFileType = sourcecode.c.c; path = server.c; sourceTree = "<group>"; };
		0775C84D264EE46A0086516D /* share.h */ = {isa = PBXFileReference; lastKnownFileType = sourcecode.c.h; path = share.h; sourceTree = "<group>"; };
		0775C84E264EE46A0086516D /* share.c */ = {isa = PBXFileReference; lastKnownFileType = sourcecode.c.c; path = share.c; sourceTree = "<group>"; };
		0775C851264EE71A0086516D /* server.h */ = {isa = PBXFileReference; lastKnownFileType = sourcecode.c.h; path = server.h; sourceTree = "<group>"; };
		0775C852264EE71A0086516D /* server.c */ = {isa = PBXFileReference; lastKnownFileType = sourcecode.c.c; path = server.c; sourceTree = "<group>"; };
		0775C858264F09400086516D /* cli.h */ = {isa = PBXFileReference; lastKnownFileType = sourcecode.c.h; path = cli.h; sourceTree = "<group>"; };
		0775C859264F09400086516D /* cli.c */ = {isa = PBXFileReference; lastKnownFileType = sourcecode.c.c; path = cli.c; sourceTree = "<group>"; };
		0775C85B264F0B6F0086516D /* test.c */ = {isa = PBXFileReference; lastKnownFileType = sourcecode.c.c; path = test.c; sourceTree = "<group>"; };
		0775C862264F0F6A0086516D /* test_cli.h */ = {isa = PBXFileReference; lastKnownFileType = sourcecode.c.h; path = test_cli.h; sourceTree = "<group>"; };
		0775C863264F0F6A0086516D /* test_cli.c */ = {isa = PBXFileReference; lastKnownFileType = sourcecode.c.c; path = test_cli.c; sourceTree = "<group>"; };
		0779DBAE2649989E00B9A249 /* libcrypto.a */ = {isa = PBXFileReference; lastKnownFileType = archive.ar; name = libcrypto.a; path = ../../../../usr/local/lib/libcrypto.a; sourceTree = "<group>"; };
		0779DBAF2649989E00B9A249 /* libeom.a */ = {isa = PBXFileReference; lastKnownFileType = archive.ar; name = libeom.a; path = ../../../../usr/local/lib/libeom.a; sourceTree = "<group>"; };
		0779DBB9264A03E300B9A249 /* blockchain.h */ = {isa = PBXFileReference; lastKnownFileType = sourcecode.c.h; path = blockchain.h; sourceTree = "<group>"; };
		0779DBBF264C319E00B9A249 /* blockchain.c */ = {isa = PBXFileReference; lastKnownFileType = sourcecode.c.c; path = blockchain.c; sourceTree = "<group>"; };
		0779DBD3264C5F6000B9A249 /* libchain.h */ = {isa = PBXFileReference; lastKnownFileType = sourcecode.c.h; path = libchain.h; sourceTree = "<group>"; };
		0779DBDD264C64EB00B9A249 /* sqlite3.c */ = {isa = PBXFileReference; fileEncoding = 4; lastKnownFileType = sourcecode.c.c; path = sqlite3.c; sourceTree = "<group>"; };
		0779DBED264C6A8400B9A249 /* database.h */ = {isa = PBXFileReference; lastKnownFileType = sourcecode.c.h; path = database.h; sourceTree = "<group>"; };
		0779DBEE264C6A8400B9A249 /* database.c */ = {isa = PBXFileReference; lastKnownFileType = sourcecode.c.c; path = database.c; sourceTree = "<group>"; };
		0779DBF0264C9FBB00B9A249 /* mongoose.c */ = {isa = PBXFileReference; fileEncoding = 4; lastKnownFileType = sourcecode.c.c; path = mongoose.c; sourceTree = "<group>"; };
		0779DBF1264C9FBB00B9A249 /* mongoose.h */ = {isa = PBXFileReference; fileEncoding = 4; lastKnownFileType = sourcecode.c.h; path = mongoose.h; sourceTree = "<group>"; };
		0779DBF6264CA09D00B9A249 /* sqlite3.h */ = {isa = PBXFileReference; fileEncoding = 4; lastKnownFileType = sourcecode.c.h; path = sqlite3.h; sourceTree = "<group>"; };
		0779DC0E264E177500B9A249 /* introduction.h */ = {isa = PBXFileReference; lastKnownFileType = sourcecode.c.h; path = introduction.h; sourceTree = "<group>"; };
		0779DC0F264E177500B9A249 /* introduction.c */ = {isa = PBXFileReference; lastKnownFileType = sourcecode.c.c; path = introduction.c; sourceTree = "<group>"; };
		0779DC11264EB31E00B9A249 /* routing.h */ = {isa = PBXFileReference; lastKnownFileType = sourcecode.c.h; path = routing.h; sourceTree = "<group>"; };
		0779DC12264EB31E00B9A249 /* routing.c */ = {isa = PBXFileReference; lastKnownFileType = sourcecode.c.c; path = routing.c; sourceTree = "<group>"; };
		0779DC14264EB41200B9A249 /* exchange.h */ = {isa = PBXFileReference; lastKnownFileType = sourcecode.c.h; path = exchange.h; sourceTree = "<group>"; };
		0779DC15264EB41200B9A249 /* exchange.c */ = {isa = PBXFileReference; lastKnownFileType = sourcecode.c.c; path = exchange.c; sourceTree = "<group>"; };
		078733882621EBFD0075981C /* blockchain */ = {isa = PBXFileReference; explicitFileType = "compiled.mach-o.executable"; includeInIndex = 0; path = blockchain; sourceTree = BUILT_PRODUCTS_DIR; };
		078733932621EDC10075981C /* README.md */ = {isa = PBXFileReference; lastKnownFileType = net.daringfireball.markdown; path = README.md; sourceTree = "<group>"; };
		078733942621EDE30075981C /* makefile */ = {isa = PBXFileReference; lastKnownFileType = sourcecode.make; path = makefile; sourceTree = "<group>"; usesTabs = 1; };
		0787339D2621F0EB0075981C /* block.h */ = {isa = PBXFileReference; lastKnownFileType = sourcecode.c.h; path = block.h; sourceTree = "<group>"; };
		0787339E2621F0EB0075981C /* block.c */ = {isa = PBXFileReference; lastKnownFileType = sourcecode.c.c; path = block.c; sourceTree = "<group>"; };
		07C5E347265039ED00539B26 /* client.h */ = {isa = PBXFileReference; lastKnownFileType = sourcecode.c.h; path = client.h; sourceTree = "<group>"; };
		07C5E348265039ED00539B26 /* client.c */ = {isa = PBXFileReference; lastKnownFileType = sourcecode.c.c; path = client.c; sourceTree = "<group>"; };
		07C5E34B2650463100539B26 /* get.h */ = {isa = PBXFileReference; lastKnownFileType = sourcecode.c.h; path = get.h; sourceTree = "<group>"; };
		07C5E34C2650463100539B26 /* get.c */ = {isa = PBXFileReference; lastKnownFileType = sourcecode.c.c; path = get.c; sourceTree = "<group>"; };
		07C5E34E2650465000539B26 /* put.h */ = {isa = PBXFileReference; lastKnownFileType = sourcecode.c.h; path = put.h; sourceTree = "<group>"; };
		07C5E34F2650465000539B26 /* put.c */ = {isa = PBXFileReference; lastKnownFileType = sourcecode.c.c; path = put.c; sourceTree = "<group>"; };
		07C5E3512650465700539B26 /* sql.h */ = {isa = PBXFileReference; lastKnownFileType = sourcecode.c.h; path = sql.h; sourceTree = "<group>"; };
		07C5E3522650465700539B26 /* sql.c */ = {isa = PBXFileReference; lastKnownFileType = sourcecode.c.c; path = sql.c; sourceTree = "<group>"; };
		07C5E356265049E200539B26 /* exchange.h */ = {isa = PBXFileReference; lastKnownFileType = sourcecode.c.h; path = exchange.h; sourceTree = "<group>"; };
		07C5E357265049E200539B26 /* exchange.c */ = {isa = PBXFileReference; lastKnownFileType = sourcecode.c.c; path = exchange.c; sourceTree = "<group>"; };
		07C5E35926504A2600539B26 /* introduction.h */ = {isa = PBXFileReference; lastKnownFileType = sourcecode.c.h; path = introduction.h; sourceTree = "<group>"; };
		07C5E35A26504A2600539B26 /* introduction.c */ = {isa = PBXFileReference; lastKnownFileType = sourcecode.c.c; path = introduction.c; sourceTree = "<group>"; };
		07C5E35C26504A3000539B26 /* routing.h */ = {isa = PBXFileReference; lastKnownFileType = sourcecode.c.h; path = routing.h; sourceTree = "<group>"; };
		07C5E35D26504A3000539B26 /* routing.c */ = {isa = PBXFileReference; lastKnownFileType = sourcecode.c.c; path = routing.c; sourceTree = "<group>"; };
		07C5E35F26504A3C00539B26 /* close.h */ = {isa = PBXFileReference; lastKnownFileType = sourcecode.c.h; path = close.h; sourceTree = "<group>"; };
		07C5E36026504A3C00539B26 /* close.c */ = {isa = PBXFileReference; lastKnownFileType = sourcecode.c.c; path = close.c; sourceTree = "<group>"; };
		07C5E362265055CC00539B26 /* session.h */ = {isa = PBXFileReference; lastKnownFileType = sourcecode.c.h; path = session.h; sourceTree = "<group>"; };
		07C5E363265055CC00539B26 /* session.c */ = {isa = PBXFileReference; lastKnownFileType = sourcecode.c.c; path = session.c; sourceTree = "<group>"; };
		07C5E36A2650AD8E00539B26 /* logger.h */ = {isa = PBXFileReference; lastKnownFileType = sourcecode.c.h; path = logger.h; sourceTree = "<group>"; };
		07C5E36B2650AD8E00539B26 /* logger.c */ = {isa = PBXFileReference; lastKnownFileType = sourcecode.c.c; path = logger.c; sourceTree = "<group>"; };
		07C5E37026521BA300539B26 /* uuid.h */ = {isa = PBXFileReference; lastKnownFileType = sourcecode.c.h; path = uuid.h; sourceTree = "<group>"; };
		07C5E37126521BA300539B26 /* uuid.c */ = {isa = PBXFileReference; lastKnownFileType = sourcecode.c.c; path = uuid.c; sourceTree = "<group>"; };
/* End PBXFileReference section */

/* Begin PBXFrameworksBuildPhase section */
		07203018263F3C9400804BDD /* Frameworks */ = {
			isa = PBXFrameworksBuildPhase;
			buildActionMask = 2147483647;
			files = (
				0779DBB226499C4300B9A249 /* libcrypto.a in Frameworks */,
				0779DBB326499C4300B9A249 /* libeom.a in Frameworks */,
			);
			runOnlyForDeploymentPostprocessing = 0;
		};
		078733852621EBFD0075981C /* Frameworks */ = {
			isa = PBXFrameworksBuildPhase;
			buildActionMask = 2147483647;
			files = (
				0779DBB02649989E00B9A249 /* libcrypto.a in Frameworks */,
				0779DBB12649989E00B9A249 /* libeom.a in Frameworks */,
			);
			runOnlyForDeploymentPostprocessing = 0;
		};
/* End PBXFrameworksBuildPhase section */

/* Begin PBXGroup section */
		07203011263F3BDB00804BDD /* objects */ = {
			isa = PBXGroup;
			children = (
				0720300D263F34DE00804BDD /* account.h */,
				0720300E263F34DE00804BDD /* account.c */,
				0787339D2621F0EB0075981C /* block.h */,
				0787339E2621F0EB0075981C /* block.c */,
				07C5E362265055CC00539B26 /* session.h */,
				07C5E363265055CC00539B26 /* session.c */,
			);
			path = objects;
			sourceTree = "<group>";
		};
		07203012263F3C0E00804BDD /* test */ = {
			isa = PBXGroup;
			children = (
				0775C85B264F0B6F0086516D /* test.c */,
				07203013263F3C1D00804BDD /* unit */,
			);
			path = test;
			sourceTree = "<group>";
		};
		07203013263F3C1D00804BDD /* unit */ = {
			isa = PBXGroup;
			children = (
				0775C85D264F0EDD0086516D /* client */,
				0775C861264F0F420086516D /* interfaces */,
				0775C860264F0F3A0086516D /* objects */,
				0775C85F264F0F330086516D /* database */,
				0775C85E264F0EE80086516D /* server */,
				07203014263F3C2500804BDD /* cryptography */,
				0759C1DB2641FD9B00AF9407 /* data_structures */,
			);
			path = unit;
			sourceTree = "<group>";
		};
		07203014263F3C2500804BDD /* cryptography */ = {
			isa = PBXGroup;
			children = (
			);
			path = cryptography;
			sourceTree = "<group>";
		};
		0759C1DB2641FD9B00AF9407 /* data_structures */ = {
			isa = PBXGroup;
			children = (
			);
			path = data_structures;
			sourceTree = "<group>";
		};
		0775C83B264ED51D0086516D /* src */ = {
			isa = PBXGroup;
			children = (
				0775C83C264ED5330086516D /* mongoose */,
				0775C83D264ED53D0086516D /* sqlite */,
			);
			path = src;
			sourceTree = "<group>";
		};
		0775C83C264ED5330086516D /* mongoose */ = {
			isa = PBXGroup;
			children = (
				0779DBF0264C9FBB00B9A249 /* mongoose.c */,
				0779DBF1264C9FBB00B9A249 /* mongoose.h */,
			);
			path = mongoose;
			sourceTree = "<group>";
		};
		0775C83D264ED53D0086516D /* sqlite */ = {
			isa = PBXGroup;
			children = (
				0779DBF6264CA09D00B9A249 /* sqlite3.h */,
				0779DBDD264C64EB00B9A249 /* sqlite3.c */,
			);
			path = sqlite;
			sourceTree = "<group>";
		};
		0775C850264EE67D0086516D /* cli */ = {
			isa = PBXGroup;
			children = (
				0775C83E264EE4290086516D /* account.h */,
				0775C83F264EE4290086516D /* account.c */,
				0775C841264EE4370086516D /* create.h */,
				0775C842264EE4370086516D /* create.c */,
				0775C844264EE4460086516D /* query.h */,
				0775C845264EE4460086516D /* query.c */,
				0775C847264EE4540086516D /* read.h */,
				0775C848264EE4540086516D /* read.c */,
				0775C84A264EE45F0086516D /* server.h */,
				0775C84B264EE45F0086516D /* server.c */,
				0775C84D264EE46A0086516D /* share.h */,
				0775C84E264EE46A0086516D /* share.c */,
			);
			path = cli;
			sourceTree = "<group>";
		};
		0775C85D264F0EDD0086516D /* client */ = {
			isa = PBXGroup;
			children = (
			);
			path = client;
			sourceTree = "<group>";
		};
		0775C85E264F0EE80086516D /* server */ = {
			isa = PBXGroup;
			children = (
			);
			path = server;
			sourceTree = "<group>";
		};
		0775C85F264F0F330086516D /* database */ = {
			isa = PBXGroup;
			children = (
			);
			path = database;
			sourceTree = "<group>";
		};
		0775C860264F0F3A0086516D /* objects */ = {
			isa = PBXGroup;
			children = (
				0720B4F72643066500EAAE74 /* test_account.h */,
				0720B4F82643066500EAAE74 /* test_account.c */,
				0759C1DC2641FDB800AF9407 /* test_block.h */,
				0759C1DD2641FDB800AF9407 /* test_block.c */,
			);
			path = objects;
			sourceTree = "<group>";
		};
		0775C861264F0F420086516D /* interfaces */ = {
			isa = PBXGroup;
			children = (
				0775C862264F0F6A0086516D /* test_cli.h */,
				0775C863264F0F6A0086516D /* test_cli.c */,
			);
			path = interfaces;
			sourceTree = "<group>";
		};
		0779DBE6264C69A300B9A249 /* client */ = {
			isa = PBXGroup;
			children = (
				07C5E347265039ED00539B26 /* client.h */,
				07C5E348265039ED00539B26 /* client.c */,
				07C5E3542650499E00539B26 /* protocols */,
				07C5E34A2650462800539B26 /* routes */,
			);
			path = client;
			sourceTree = "<group>";
		};
		0779DBE7264C69A900B9A249 /* server */ = {
			isa = PBXGroup;
			children = (
				0775C851264EE71A0086516D /* server.h */,
				0775C852264EE71A0086516D /* server.c */,
				0779DC0D264E176500B9A249 /* protocols */,
				0779DBE8264C69B400B9A249 /* routes */,
			);
			path = server;
			sourceTree = "<group>";
		};
		0779DBE8264C69B400B9A249 /* routes */ = {
			isa = PBXGroup;
			children = (
				0775C82F264ECAC10086516D /* get.h */,
				0775C830264ECAC10086516D /* get.c */,
				0775C832264ECAC90086516D /* put.h */,
				0775C833264ECAC90086516D /* put.c */,
				0775C835264ECAD10086516D /* sql.h */,
				0775C836264ECAD10086516D /* sql.c */,
			);
			path = routes;
			sourceTree = "<group>";
		};
		0779DBEC264C6A7200B9A249 /* database */ = {
			isa = PBXGroup;
			children = (
				0779DBED264C6A8400B9A249 /* database.h */,
				0779DBEE264C6A8400B9A249 /* database.c */,
			);
			path = database;
			sourceTree = "<group>";
		};
		0779DC0D264E176500B9A249 /* protocols */ = {
			isa = PBXGroup;
			children = (
				0779DC14264EB41200B9A249 /* exchange.h */,
				0779DC15264EB41200B9A249 /* exchange.c */,
				0779DC0E264E177500B9A249 /* introduction.h */,
				0779DC0F264E177500B9A249 /* introduction.c */,
				0779DC11264EB31E00B9A249 /* routing.h */,
				0779DC12264EB31E00B9A249 /* routing.c */,
				0716C1F1264EB6FB00A81888 /* close.h */,
				0716C1F2264EB6FB00A81888 /* close.c */,
			);
			path = protocols;
			sourceTree = "<group>";
		};
		0787337F2621EBFD0075981C = {
			isa = PBXGroup;
			children = (
				078733932621EDC10075981C /* README.md */,
				078733942621EDE30075981C /* makefile */,
				0787338A2621EBFD0075981C /* blockchain */,
				07203012263F3C0E00804BDD /* test */,
				078733892621EBFD0075981C /* Products */,
				07A23B12262219550087BE64 /* Frameworks */,
			);
			sourceTree = "<group>";
		};
		078733892621EBFD0075981C /* Products */ = {
			isa = PBXGroup;
			children = (
				078733882621EBFD0075981C /* blockchain */,
				0720301B263F3C9400804BDD /* test */,
			);
			name = Products;
			sourceTree = "<group>";
		};
		0787338A2621EBFD0075981C /* blockchain */ = {
			isa = PBXGroup;
			children = (
				0779DBD3264C5F6000B9A249 /* libchain.h */,
				0779DBB9264A03E300B9A249 /* blockchain.h */,
				0779DBBF264C319E00B9A249 /* blockchain.c */,
				0779DBE6264C69A300B9A249 /* client */,
				07B6B90F2644C77F00D1207E /* interfaces */,
				07203011263F3BDB00804BDD /* objects */,
				0779DBEC264C6A7200B9A249 /* database */,
				0779DBE7264C69A900B9A249 /* server */,
				0775C83B264ED51D0086516D /* src */,
				07C5E3692650AD7A00539B26 /* utilities */,
			);
			path = blockchain;
			sourceTree = "<group>";
		};
		07A23B12262219550087BE64 /* Frameworks */ = {
			isa = PBXGroup;
			children = (
				0779DBAE2649989E00B9A249 /* libcrypto.a */,
				0779DBAF2649989E00B9A249 /* libeom.a */,
			);
			name = Frameworks;
			sourceTree = "<group>";
		};
		07B6B90F2644C77F00D1207E /* interfaces */ = {
			isa = PBXGroup;
			children = (
				0775C858264F09400086516D /* cli.h */,
				0775C859264F09400086516D /* cli.c */,
				0775C850264EE67D0086516D /* cli */,
			);
			path = interfaces;
			sourceTree = "<group>";
		};
		07C5E34A2650462800539B26 /* routes */ = {
			isa = PBXGroup;
			children = (
				07C5E34B2650463100539B26 /* get.h */,
				07C5E34C2650463100539B26 /* get.c */,
				07C5E34E2650465000539B26 /* put.h */,
				07C5E34F2650465000539B26 /* put.c */,
				07C5E3512650465700539B26 /* sql.h */,
				07C5E3522650465700539B26 /* sql.c */,
			);
			path = routes;
			sourceTree = "<group>";
		};
		07C5E3542650499E00539B26 /* protocols */ = {
			isa = PBXGroup;
			children = (
				07C5E356265049E200539B26 /* exchange.h */,
				07C5E357265049E200539B26 /* exchange.c */,
				07C5E35926504A2600539B26 /* introduction.h */,
				07C5E35A26504A2600539B26 /* introduction.c */,
				07C5E35C26504A3000539B26 /* routing.h */,
				07C5E35D26504A3000539B26 /* routing.c */,
				07C5E35F26504A3C00539B26 /* close.h */,
				07C5E36026504A3C00539B26 /* close.c */,
			);
			path = protocols;
			sourceTree = "<group>";
		};
		07C5E3692650AD7A00539B26 /* utilities */ = {
			isa = PBXGroup;
			children = (
				07C5E36A2650AD8E00539B26 /* logger.h */,
				07C5E36B2650AD8E00539B26 /* logger.c */,
				07C5E37026521BA300539B26 /* uuid.h */,
				07C5E37126521BA300539B26 /* uuid.c */,
			);
			path = utilities;
			sourceTree = "<group>";
		};
/* End PBXGroup section */

/* Begin PBXNativeTarget section */
		0720301A263F3C9400804BDD /* test */ = {
			isa = PBXNativeTarget;
			buildConfigurationList = 0720301F263F3C9400804BDD /* Build configuration list for PBXNativeTarget "test" */;
			buildPhases = (
				07203017263F3C9400804BDD /* Sources */,
				07203018263F3C9400804BDD /* Frameworks */,
				07203019263F3C9400804BDD /* CopyFiles */,
			);
			buildRules = (
			);
			dependencies = (
			);
			name = test;
			productName = test;
			productReference = 0720301B263F3C9400804BDD /* test */;
			productType = "com.apple.product-type.tool";
		};
		078733872621EBFD0075981C /* blockchain */ = {
			isa = PBXNativeTarget;
			buildConfigurationList = 0787338F2621EBFD0075981C /* Build configuration list for PBXNativeTarget "blockchain" */;
			buildPhases = (
				078733842621EBFD0075981C /* Sources */,
				078733852621EBFD0075981C /* Frameworks */,
				078733862621EBFD0075981C /* CopyFiles */,
			);
			buildRules = (
			);
			dependencies = (
			);
			name = blockchain;
			productName = blockchain;
			productReference = 078733882621EBFD0075981C /* blockchain */;
			productType = "com.apple.product-type.tool";
		};
/* End PBXNativeTarget section */

/* Begin PBXProject section */
		078733802621EBFD0075981C /* Project object */ = {
			isa = PBXProject;
			attributes = {
				LastUpgradeCheck = 1250;
				TargetAttributes = {
					0720301A263F3C9400804BDD = {
						CreatedOnToolsVersion = 12.5;
					};
					078733872621EBFD0075981C = {
						CreatedOnToolsVersion = 12.4;
					};
				};
			};
			buildConfigurationList = 078733832621EBFD0075981C /* Build configuration list for PBXProject "blockchain" */;
			compatibilityVersion = "Xcode 9.3";
			developmentRegion = en;
			hasScannedForEncodings = 0;
			knownRegions = (
				en,
				Base,
			);
			mainGroup = 0787337F2621EBFD0075981C;
			productRefGroup = 078733892621EBFD0075981C /* Products */;
			projectDirPath = "";
			projectRoot = "";
			targets = (
				078733872621EBFD0075981C /* blockchain */,
				0720301A263F3C9400804BDD /* test */,
			);
		};
/* End PBXProject section */

/* Begin PBXSourcesBuildPhase section */
		07203017263F3C9400804BDD /* Sources */ = {
			isa = PBXSourcesBuildPhase;
			buildActionMask = 2147483647;
			files = (
				0775C85C264F0B6F0086516D /* test.c in Sources */,
				0759C1DE2641FDB800AF9407 /* test_block.c in Sources */,
				0720B4F92643066500EAAE74 /* test_account.c in Sources */,
				07203028263F43B400804BDD /* account.c in Sources */,
				0775C864264F0F6A0086516D /* test_cli.c in Sources */,
				0759C1DF264200A300AF9407 /* block.c in Sources */,
			);
			runOnlyForDeploymentPostprocessing = 0;
		};
		078733842621EBFD0075981C /* Sources */ = {
			isa = PBXSourcesBuildPhase;
			buildActionMask = 2147483647;
			files = (
				07C5E364265055CC00539B26 /* session.c in Sources */,
				0775C85A264F09400086516D /* cli.c in Sources */,
				0775C853264EE71A0086516D /* server.c in Sources */,
				0775C843264EE4370086516D /* create.c in Sources */,
				07C5E349265039ED00539B26 /* client.c in Sources */,
				0779DC16264EB41200B9A249 /* exchange.c in Sources */,
				07C5E35B26504A2600539B26 /* introduction.c in Sources */,
				0779DBF2264C9FBB00B9A249 /* mongoose.c in Sources */,
				07C5E34D2650463100539B26 /* get.c in Sources */,
				0787339F2621F0EB0075981C /* block.c in Sources */,
				0779DBEF264C6A8400B9A249 /* database.c in Sources */,
				07C5E358265049E200539B26 /* exchange.c in Sources */,
				07C5E3502650465000539B26 /* put.c in Sources */,
				07C5E36126504A3C00539B26 /* close.c in Sources */,
				07C5E3532650465700539B26 /* sql.c in Sources */,
				0775C84C264EE45F0086516D /* server.c in Sources */,
				07C5E37226521BA300539B26 /* uuid.c in Sources */,
				07C5E36C2650AD8E00539B26 /* logger.c in Sources */,
				0779DC10264E177500B9A249 /* introduction.c in Sources */,
				0716C1F3264EB6FB00A81888 /* close.c in Sources */,
				0775C837264ECAD10086516D /* sql.c in Sources */,
				0779DC13264EB31E00B9A249 /* routing.c in Sources */,
				0775C834264ECAC90086516D /* put.c in Sources */,
				0775C849264EE4540086516D /* read.c in Sources */,
				0775C831264ECAC10086516D /* get.c in Sources */,
				07C5E35E26504A3000539B26 /* routing.c in Sources */,
				0779DBDE264C64EB00B9A249 /* sqlite3.c in Sources */,
				0775C846264EE4460086516D /* query.c in Sources */,
				0720300F263F34DE00804BDD /* account.c in Sources */,
				0779DBC0264C319E00B9A249 /* blockchain.c in Sources */,
				0775C840264EE4290086516D /* account.c in Sources */,
				0775C84F264EE46A0086516D /* share.c in Sources */,
			);
			runOnlyForDeploymentPostprocessing = 0;
		};
/* End PBXSourcesBuildPhase section */

/* Begin XCBuildConfiguration section */
		07203020263F3C9400804BDD /* Debug */ = {
			isa = XCBuildConfiguration;
			buildSettings = {
				CODE_SIGN_IDENTITY = "Apple Development";
				CODE_SIGN_STYLE = Automatic;
				DEVELOPMENT_TEAM = 975P2G4HC3;
				ENABLE_HARDENED_RUNTIME = YES;
				PRODUCT_NAME = "$(TARGET_NAME)";
			};
			name = Debug;
		};
		07203021263F3C9400804BDD /* Release */ = {
			isa = XCBuildConfiguration;
			buildSettings = {
				CODE_SIGN_IDENTITY = "Apple Development";
				CODE_SIGN_STYLE = Automatic;
				DEVELOPMENT_TEAM = 975P2G4HC3;
				ENABLE_HARDENED_RUNTIME = YES;
				PRODUCT_NAME = "$(TARGET_NAME)";
			};
			name = Release;
		};
		0787338D2621EBFD0075981C /* Debug */ = {
			isa = XCBuildConfiguration;
			buildSettings = {
				ALWAYS_SEARCH_USER_PATHS = NO;
				CLANG_ANALYZER_NONNULL = YES;
				CLANG_ANALYZER_NUMBER_OBJECT_CONVERSION = YES_AGGRESSIVE;
				CLANG_CXX_LANGUAGE_STANDARD = "gnu++14";
				CLANG_CXX_LIBRARY = "libc++";
				CLANG_ENABLE_MODULES = YES;
				CLANG_ENABLE_OBJC_ARC = YES;
				CLANG_ENABLE_OBJC_WEAK = YES;
				CLANG_WARN_BLOCK_CAPTURE_AUTORELEASING = YES;
				CLANG_WARN_BOOL_CONVERSION = YES;
				CLANG_WARN_COMMA = YES;
				CLANG_WARN_CONSTANT_CONVERSION = YES;
				CLANG_WARN_DEPRECATED_OBJC_IMPLEMENTATIONS = YES;
				CLANG_WARN_DIRECT_OBJC_ISA_USAGE = YES_ERROR;
				CLANG_WARN_DOCUMENTATION_COMMENTS = YES;
				CLANG_WARN_EMPTY_BODY = YES;
				CLANG_WARN_ENUM_CONVERSION = YES;
				CLANG_WARN_INFINITE_RECURSION = YES;
				CLANG_WARN_INT_CONVERSION = YES;
				CLANG_WARN_NON_LITERAL_NULL_CONVERSION = YES;
				CLANG_WARN_OBJC_IMPLICIT_RETAIN_SELF = YES;
				CLANG_WARN_OBJC_LITERAL_CONVERSION = YES;
				CLANG_WARN_OBJC_ROOT_CLASS = YES_ERROR;
				CLANG_WARN_QUOTED_INCLUDE_IN_FRAMEWORK_HEADER = YES;
				CLANG_WARN_RANGE_LOOP_ANALYSIS = YES;
				CLANG_WARN_STRICT_PROTOTYPES = YES;
				CLANG_WARN_SUSPICIOUS_MOVE = YES;
				CLANG_WARN_UNGUARDED_AVAILABILITY = YES_AGGRESSIVE;
				CLANG_WARN_UNREACHABLE_CODE = YES;
				CLANG_WARN__DUPLICATE_METHOD_MATCH = YES;
				CODE_SIGN_IDENTITY = "Apple Development";
				"CODE_SIGN_IDENTITY[sdk=*]" = "";
				COPY_PHASE_STRIP = NO;
				DEBUG_INFORMATION_FORMAT = dwarf;
				DEVELOPMENT_TEAM = "";
				"DEVELOPMENT_TEAM[sdk=*]" = "";
				ENABLE_HARDENED_RUNTIME = NO;
				ENABLE_STRICT_OBJC_MSGSEND = YES;
				ENABLE_TESTABILITY = YES;
				GCC_C_LANGUAGE_STANDARD = gnu11;
				GCC_DYNAMIC_NO_PIC = NO;
				GCC_NO_COMMON_BLOCKS = YES;
				GCC_OPTIMIZATION_LEVEL = 0;
				GCC_PREPROCESSOR_DEFINITIONS = (
					"DEBUG=1",
					"$(inherited)",
				);
				GCC_WARN_64_TO_32_BIT_CONVERSION = YES;
				GCC_WARN_ABOUT_RETURN_TYPE = YES_ERROR;
				GCC_WARN_UNDECLARED_SELECTOR = YES;
				GCC_WARN_UNINITIALIZED_AUTOS = YES_AGGRESSIVE;
				GCC_WARN_UNUSED_FUNCTION = YES;
				GCC_WARN_UNUSED_VARIABLE = YES;
				"HEADER_SEARCH_PATHS[arch=*]" = /usr/local/include;
				"LIBRARY_SEARCH_PATHS[arch=*]" = /usr/local/lib;
				MACOSX_DEPLOYMENT_TARGET = 11.2;
				MTL_ENABLE_DEBUG_INFO = INCLUDE_SOURCE;
				MTL_FAST_MATH = YES;
				ONLY_ACTIVE_ARCH = YES;
				"OTHER_CODE_SIGN_FLAGS[sdk=*]" = "";
				SDKROOT = macosx;
			};
			name = Debug;
		};
		0787338E2621EBFD0075981C /* Release */ = {
			isa = XCBuildConfiguration;
			buildSettings = {
				ALWAYS_SEARCH_USER_PATHS = NO;
				CLANG_ANALYZER_NONNULL = YES;
				CLANG_ANALYZER_NUMBER_OBJECT_CONVERSION = YES_AGGRESSIVE;
				CLANG_CXX_LANGUAGE_STANDARD = "gnu++14";
				CLANG_CXX_LIBRARY = "libc++";
				CLANG_ENABLE_MODULES = YES;
				CLANG_ENABLE_OBJC_ARC = YES;
				CLANG_ENABLE_OBJC_WEAK = YES;
				CLANG_WARN_BLOCK_CAPTURE_AUTORELEASING = YES;
				CLANG_WARN_BOOL_CONVERSION = YES;
				CLANG_WARN_COMMA = YES;
				CLANG_WARN_CONSTANT_CONVERSION = YES;
				CLANG_WARN_DEPRECATED_OBJC_IMPLEMENTATIONS = YES;
				CLANG_WARN_DIRECT_OBJC_ISA_USAGE = YES_ERROR;
				CLANG_WARN_DOCUMENTATION_COMMENTS = YES;
				CLANG_WARN_EMPTY_BODY = YES;
				CLANG_WARN_ENUM_CONVERSION = YES;
				CLANG_WARN_INFINITE_RECURSION = YES;
				CLANG_WARN_INT_CONVERSION = YES;
				CLANG_WARN_NON_LITERAL_NULL_CONVERSION = YES;
				CLANG_WARN_OBJC_IMPLICIT_RETAIN_SELF = YES;
				CLANG_WARN_OBJC_LITERAL_CONVERSION = YES;
				CLANG_WARN_OBJC_ROOT_CLASS = YES_ERROR;
				CLANG_WARN_QUOTED_INCLUDE_IN_FRAMEWORK_HEADER = YES;
				CLANG_WARN_RANGE_LOOP_ANALYSIS = YES;
				CLANG_WARN_STRICT_PROTOTYPES = YES;
				CLANG_WARN_SUSPICIOUS_MOVE = YES;
				CLANG_WARN_UNGUARDED_AVAILABILITY = YES_AGGRESSIVE;
				CLANG_WARN_UNREACHABLE_CODE = YES;
				CLANG_WARN__DUPLICATE_METHOD_MATCH = YES;
				CODE_SIGN_IDENTITY = "Apple Development";
				COPY_PHASE_STRIP = NO;
				DEBUG_INFORMATION_FORMAT = "dwarf-with-dsym";
				DEVELOPMENT_TEAM = "";
				ENABLE_HARDENED_RUNTIME = NO;
				ENABLE_NS_ASSERTIONS = NO;
				ENABLE_STRICT_OBJC_MSGSEND = YES;
				GCC_C_LANGUAGE_STANDARD = gnu11;
				GCC_NO_COMMON_BLOCKS = YES;
				GCC_WARN_64_TO_32_BIT_CONVERSION = YES;
				GCC_WARN_ABOUT_RETURN_TYPE = YES_ERROR;
				GCC_WARN_UNDECLARED_SELECTOR = YES;
				GCC_WARN_UNINITIALIZED_AUTOS = YES_AGGRESSIVE;
				GCC_WARN_UNUSED_FUNCTION = YES;
				GCC_WARN_UNUSED_VARIABLE = YES;
				"HEADER_SEARCH_PATHS[arch=*]" = /usr/local/include;
				"LIBRARY_SEARCH_PATHS[arch=*]" = /usr/local/lib;
				MACOSX_DEPLOYMENT_TARGET = 11.2;
				MTL_ENABLE_DEBUG_INFO = NO;
				MTL_FAST_MATH = YES;
				SDKROOT = macosx;
			};
			name = Release;
		};
		078733902621EBFD0075981C /* Debug */ = {
			isa = XCBuildConfiguration;
			buildSettings = {
				CODE_SIGN_IDENTITY = "Apple Development";
				CODE_SIGN_STYLE = Automatic;
				DEVELOPMENT_TEAM = 975P2G4HC3;
				ENABLE_HARDENED_RUNTIME = YES;
				PRODUCT_NAME = "$(TARGET_NAME)";
			};
			name = Debug;
		};
		078733912621EBFD0075981C /* Release */ = {
			isa = XCBuildConfiguration;
			buildSettings = {
				CODE_SIGN_IDENTITY = "Apple Development";
				CODE_SIGN_STYLE = Automatic;
				DEVELOPMENT_TEAM = 975P2G4HC3;
				ENABLE_HARDENED_RUNTIME = YES;
				PRODUCT_NAME = "$(TARGET_NAME)";
			};
			name = Release;
		};
/* End XCBuildConfiguration section */

/* Begin XCConfigurationList section */
		0720301F263F3C9400804BDD /* Build configuration list for PBXNativeTarget "test" */ = {
			isa = XCConfigurationList;
			buildConfigurations = (
				07203020263F3C9400804BDD /* Debug */,
				07203021263F3C9400804BDD /* Release */,
			);
			defaultConfigurationIsVisible = 0;
			defaultConfigurationName = Release;
		};
		078733832621EBFD0075981C /* Build configuration list for PBXProject "blockchain" */ = {
			isa = XCConfigurationList;
			buildConfigurations = (
				0787338D2621EBFD0075981C /* Debug */,
				0787338E2621EBFD0075981C /* Release */,
			);
			defaultConfigurationIsVisible = 0;
			defaultConfigurationName = Release;
		};
		0787338F2621EBFD0075981C /* Build configuration list for PBXNativeTarget "blockchain" */ = {
			isa = XCConfigurationList;
			buildConfigurations = (
				078733902621EBFD0075981C /* Debug */,
				078733912621EBFD0075981C /* Release */,
			);
			defaultConfigurationIsVisible = 0;
			defaultConfigurationName = Release;
		};
/* End XCConfigurationList section */
	};
	rootObject = 078733802621EBFD0075981C /* Project object */;
}
